
Microsoft Visual Studio Solution File, Format Version 12.00
# Visual Studio 15
VisualStudioVersion = 15.0.28307.329
MinimumVisualStudioVersion = 10.0.40219.1
Project("{888888A0-9F3D-457C-B088-3A5042F75D52}") = "ProxyOnesSocketServer", "ProxyOnesSocketServer.pyproj", "{4EA0EF0D-1131-46A8-88AA-B8137D9F08B3}"
EndProject
Global
	GlobalSection(SolutionConfigurationPlatforms) = preSolution
		Debug|Any CPU = Debug|Any CPU
		Release|Any CPU = Release|Any CPU
	EndGlobalSection
	GlobalSection(ProjectConfigurationPlatforms) = postSolution
		{4EA0EF0D-1131-46A8-88AA-B8137D9F08B3}.Debug|Any CPU.ActiveCfg = Debug|Any CPU
		{4EA0EF0D-1131-46A8-88AA-B8137D9F08B3}.Release|Any CPU.ActiveCfg = Release|Any CPU
	EndGlobalSection
	GlobalSection(SolutionProperties) = preSolution
		HideSolutionNode = FALSE
	EndGlobalSection
	GlobalSection(ExtensibilityGlobals) = postSolution
		SolutionGuid = {5E144D43-2A9C-4F6F-B640-23E08FDA2314}
	EndGlobalSection
EndGlobal
