
Microsoft Visual Studio Solution File, Format Version 12.00
# Visual Studio 15
VisualStudioVersion = 15.0.28307.329
MinimumVisualStudioVersion = 10.0.40219.1
Project("{888888A0-9F3D-457C-B088-3A5042F75D52}") = "OnesWS", "OnesWS.pyproj", "{B3B3C2BB-B38C-409C-B16A-2919BFE7481C}"
EndProject
Global
	GlobalSection(SolutionConfigurationPlatforms) = preSolution
		Debug|Any CPU = Debug|Any CPU
		Release|Any CPU = Release|Any CPU
	EndGlobalSection
	GlobalSection(ProjectConfigurationPlatforms) = postSolution
		{B3B3C2BB-B38C-409C-B16A-2919BFE7481C}.Debug|Any CPU.ActiveCfg = Debug|Any CPU
		{B3B3C2BB-B38C-409C-B16A-2919BFE7481C}.Release|Any CPU.ActiveCfg = Release|Any CPU
	EndGlobalSection
	GlobalSection(SolutionProperties) = preSolution
		HideSolutionNode = FALSE
	EndGlobalSection
	GlobalSection(ExtensibilityGlobals) = postSolution
		SolutionGuid = {5FBD2172-37CC-4C66-84E2-485E82FD21C9}
	EndGlobalSection
EndGlobal
